
Microsoft Visual Studio Solution File, Format Version 12.00
# Visual Studio Version 16
VisualStudioVersion = 16.0.29728.190
MinimumVisualStudioVersion = 10.0.40219.1
Project("{9A19103F-16F7-4668-BE54-9A1E7A4F7556}") = "IMDB.Web", "IMDB\IMDB.Web.csproj", "{82A13F4A-BE53-4FB1-86F0-2A44413D3998}"
EndProject
Project("{9A19103F-16F7-4668-BE54-9A1E7A4F7556}") = "NHibernate.Support", "NHibernate.Support\NHibernate.Support.csproj", "{2D17877D-DB7E-41DC-8E72-0AE4777FBEC8}"
EndProject
Project("{FAE04EC0-301F-11D3-BF4B-00C04F79EFBC}") = "IMDB.NHibernate", "IMDB.NHibernate\IMDB.NHibernate.csproj", "{87794CFB-6131-4D7C-A55B-708B5FD37203}"
EndProject
Global
	GlobalSection(SolutionConfigurationPlatforms) = preSolution
		Debug|Any CPU = Debug|Any CPU
		Release|Any CPU = Release|Any CPU
	EndGlobalSection
	GlobalSection(ProjectConfigurationPlatforms) = postSolution
		{82A13F4A-BE53-4FB1-86F0-2A44413D3998}.Debug|Any CPU.ActiveCfg = Debug|Any CPU
		{82A13F4A-BE53-4FB1-86F0-2A44413D3998}.Debug|Any CPU.Build.0 = Debug|Any CPU
		{82A13F4A-BE53-4FB1-86F0-2A44413D3998}.Release|Any CPU.ActiveCfg = Release|Any CPU
		{82A13F4A-BE53-4FB1-86F0-2A44413D3998}.Release|Any CPU.Build.0 = Release|Any CPU
		{2D17877D-DB7E-41DC-8E72-0AE4777FBEC8}.Debug|Any CPU.ActiveCfg = Debug|Any CPU
		{2D17877D-DB7E-41DC-8E72-0AE4777FBEC8}.Debug|Any CPU.Build.0 = Debug|Any CPU
		{2D17877D-DB7E-41DC-8E72-0AE4777FBEC8}.Release|Any CPU.ActiveCfg = Release|Any CPU
		{2D17877D-DB7E-41DC-8E72-0AE4777FBEC8}.Release|Any CPU.Build.0 = Release|Any CPU
		{87794CFB-6131-4D7C-A55B-708B5FD37203}.Debug|Any CPU.ActiveCfg = Debug|Any CPU
		{87794CFB-6131-4D7C-A55B-708B5FD37203}.Debug|Any CPU.Build.0 = Debug|Any CPU
		{87794CFB-6131-4D7C-A55B-708B5FD37203}.Release|Any CPU.ActiveCfg = Release|Any CPU
		{87794CFB-6131-4D7C-A55B-708B5FD37203}.Release|Any CPU.Build.0 = Release|Any CPU
	EndGlobalSection
	GlobalSection(SolutionProperties) = preSolution
		HideSolutionNode = FALSE
	EndGlobalSection
	GlobalSection(ExtensibilityGlobals) = postSolution
		SolutionGuid = {A9318C08-F4F6-4CCC-AF52-ED80E9811B22}
	EndGlobalSection
EndGlobal
